
Microsoft Visual Studio Solution File, Format Version 12.00
# Visual Studio 14
VisualStudioVersion = 14.0.25420.1
MinimumVisualStudioVersion = 10.0.40219.1
Project("{FAE04EC0-301F-11D3-BF4B-00C04F79EFBC}") = "CometServer(MiddleServer)", "CometServer(MiddleServer)\CometServer(MiddleServer).csproj", "{2C69752E-0138-4D4F-9FC9-A1CD012AE5EF}"
EndProject
Project("{FAE04EC0-301F-11D3-BF4B-00C04F79EFBC}") = "SensorValueGenerator_Control", "SensorValueGenerator\SensorValueGenerator_Control.csproj", "{5D7213EA-7D8B-468D-A29D-3F453D23F1E1}"
EndProject
Project("{FAE04EC0-301F-11D3-BF4B-00C04F79EFBC}") = "SensorValueGenerator_Material", "SensorValueGenerator_Material\SensorValueGenerator_Material.csproj", "{182FF163-5CBD-413F-98F1-03CB4CA4CBB2}"
EndProject
Project("{FAE04EC0-301F-11D3-BF4B-00C04F79EFBC}") = "SensorValueGenerator_Vessel", "SensorValueGenerator_Vessel\SensorValueGenerator_Vessel.csproj", "{7DE308E3-7237-416B-9214-EA43ECECC830}"
EndProject
Project("{FAE04EC0-301F-11D3-BF4B-00C04F79EFBC}") = "SimulatorStub", "SimulatorStub\SimulatorStub.csproj", "{648F3047-2F62-4EDD-A629-EC2FFACF1219}"
EndProject
Project("{FAE04EC0-301F-11D3-BF4B-00C04F79EFBC}") = "WebApplication", "WebApplication\WebApplication.csproj", "{54BDE862-ACEC-49B4-B29B-CBAB81DFF39A}"
EndProject
Project("{FAE04EC0-301F-11D3-BF4B-00C04F79EFBC}") = "DataStreamType", "DataStreamType\DataStreamType.csproj", "{D8A98C97-635A-431B-A511-84E533BE622D}"
EndProject
Global
	GlobalSection(SolutionConfigurationPlatforms) = preSolution
		Debug|Any CPU = Debug|Any CPU
		Release|Any CPU = Release|Any CPU
	EndGlobalSection
	GlobalSection(ProjectConfigurationPlatforms) = postSolution
		{2C69752E-0138-4D4F-9FC9-A1CD012AE5EF}.Debug|Any CPU.ActiveCfg = Debug|Any CPU
		{2C69752E-0138-4D4F-9FC9-A1CD012AE5EF}.Debug|Any CPU.Build.0 = Debug|Any CPU
		{2C69752E-0138-4D4F-9FC9-A1CD012AE5EF}.Release|Any CPU.ActiveCfg = Release|Any CPU
		{2C69752E-0138-4D4F-9FC9-A1CD012AE5EF}.Release|Any CPU.Build.0 = Release|Any CPU
		{5D7213EA-7D8B-468D-A29D-3F453D23F1E1}.Debug|Any CPU.ActiveCfg = Debug|Any CPU
		{5D7213EA-7D8B-468D-A29D-3F453D23F1E1}.Debug|Any CPU.Build.0 = Debug|Any CPU
		{5D7213EA-7D8B-468D-A29D-3F453D23F1E1}.Release|Any CPU.ActiveCfg = Release|Any CPU
		{5D7213EA-7D8B-468D-A29D-3F453D23F1E1}.Release|Any CPU.Build.0 = Release|Any CPU
		{182FF163-5CBD-413F-98F1-03CB4CA4CBB2}.Debug|Any CPU.ActiveCfg = Debug|Any CPU
		{182FF163-5CBD-413F-98F1-03CB4CA4CBB2}.Debug|Any CPU.Build.0 = Debug|Any CPU
		{182FF163-5CBD-413F-98F1-03CB4CA4CBB2}.Release|Any CPU.ActiveCfg = Release|Any CPU
		{182FF163-5CBD-413F-98F1-03CB4CA4CBB2}.Release|Any CPU.Build.0 = Release|Any CPU
		{7DE308E3-7237-416B-9214-EA43ECECC830}.Debug|Any CPU.ActiveCfg = Debug|Any CPU
		{7DE308E3-7237-416B-9214-EA43ECECC830}.Debug|Any CPU.Build.0 = Debug|Any CPU
		{7DE308E3-7237-416B-9214-EA43ECECC830}.Release|Any CPU.ActiveCfg = Release|Any CPU
		{7DE308E3-7237-416B-9214-EA43ECECC830}.Release|Any CPU.Build.0 = Release|Any CPU
		{648F3047-2F62-4EDD-A629-EC2FFACF1219}.Debug|Any CPU.ActiveCfg = Debug|Any CPU
		{648F3047-2F62-4EDD-A629-EC2FFACF1219}.Debug|Any CPU.Build.0 = Debug|Any CPU
		{648F3047-2F62-4EDD-A629-EC2FFACF1219}.Release|Any CPU.ActiveCfg = Release|Any CPU
		{648F3047-2F62-4EDD-A629-EC2FFACF1219}.Release|Any CPU.Build.0 = Release|Any CPU
		{54BDE862-ACEC-49B4-B29B-CBAB81DFF39A}.Debug|Any CPU.ActiveCfg = Debug|Any CPU
		{54BDE862-ACEC-49B4-B29B-CBAB81DFF39A}.Debug|Any CPU.Build.0 = Debug|Any CPU
		{54BDE862-ACEC-49B4-B29B-CBAB81DFF39A}.Release|Any CPU.ActiveCfg = Release|Any CPU
		{54BDE862-ACEC-49B4-B29B-CBAB81DFF39A}.Release|Any CPU.Build.0 = Release|Any CPU
		{D8A98C97-635A-431B-A511-84E533BE622D}.Debug|Any CPU.ActiveCfg = Debug|Any CPU
		{D8A98C97-635A-431B-A511-84E533BE622D}.Debug|Any CPU.Build.0 = Debug|Any CPU
		{D8A98C97-635A-431B-A511-84E533BE622D}.Release|Any CPU.ActiveCfg = Release|Any CPU
		{D8A98C97-635A-431B-A511-84E533BE622D}.Release|Any CPU.Build.0 = Release|Any CPU
	EndGlobalSection
	GlobalSection(SolutionProperties) = preSolution
		HideSolutionNode = FALSE
	EndGlobalSection
EndGlobal
